# This file is autogenerated, do not edit; changes may be undone by the next 'dep ensure'.


[[projects]]
  branch = "master"
  name = "github.com/pkg/term"
  packages = [".","termios"]
  revision = "cda20d4ac917ad418d86e151eff439648b06185b"

[[projects]]
  branch = "master"
  name = "github.com/tarm/serial"
  packages = ["."]
  revision = "eaafced92e9619f03c72527efeab21e326f3bc36"

[[projects]]
  branch = "master"
  name = "golang.org/x/sys"
  packages = ["unix"]
  revision = "37707fdb30a5b38865cfb95e5aab41707daec7fd"

[solve-meta]
  analyzer-name = "dep"
  analyzer-version = 1
  inputs-digest = "7d93acc6badf247ec7e71caeedd967151bafbf1e1f81c82d95bffaa3217940e6"
  solver-name = "gps-cdcl"
  solver-version = 1
